
Microsoft Visual Studio Solution File, Format Version 12.00
# Visual Studio Version 17
VisualStudioVersion = 17.8.34309.116
MinimumVisualStudioVersion = 10.0.40219.1
Project("{FAE04EC0-301F-11D3-BF4B-00C04F79EFBC}") = "WebAppMVCTry3", "WebAppMVCTry3\WebAppMVCTry3.csproj", "{DD984BB7-69AF-40DC-93FE-56DADC6B898E}"
EndProject
Global
	GlobalSection(SolutionConfigurationPlatforms) = preSolution
		Debug|Any CPU = Debug|Any CPU
		Release|Any CPU = Release|Any CPU
	EndGlobalSection
	GlobalSection(ProjectConfigurationPlatforms) = postSolution
		{DD984BB7-69AF-40DC-93FE-56DADC6B898E}.Debug|Any CPU.ActiveCfg = Debug|Any CPU
		{DD984BB7-69AF-40DC-93FE-56DADC6B898E}.Debug|Any CPU.Build.0 = Debug|Any CPU
		{DD984BB7-69AF-40DC-93FE-56DADC6B898E}.Release|Any CPU.ActiveCfg = Release|Any CPU
		{DD984BB7-69AF-40DC-93FE-56DADC6B898E}.Release|Any CPU.Build.0 = Release|Any CPU
	EndGlobalSection
	GlobalSection(SolutionProperties) = preSolution
		HideSolutionNode = FALSE
	EndGlobalSection
	GlobalSection(ExtensibilityGlobals) = postSolution
		SolutionGuid = {E4913C9B-2014-413C-9ABD-A665A5214A11}
	EndGlobalSection
EndGlobal
